
Microsoft Visual Studio Solution File, Format Version 12.00
# Visual Studio Version 17
VisualStudioVersion = 17.12.35527.113
MinimumVisualStudioVersion = 10.0.40219.1
Project("{FAE04EC0-301F-11D3-BF4B-00C04F79EFBC}") = "CatalogueApp", "BlazorApp1\CatalogueApp.csproj", "{4553B35F-B82E-4500-82D3-A7903E967221}"
EndProject
Project("{FAE04EC0-301F-11D3-BF4B-00C04F79EFBC}") = "CatalogueServer", "CatalogueServer\CatalogueServer.csproj", "{518AEA78-7C6C-4006-8E53-59E854F2183D}"
EndProject
Global
	GlobalSection(SolutionConfigurationPlatforms) = preSolution
		Debug|Any CPU = Debug|Any CPU
		Release|Any CPU = Release|Any CPU
	EndGlobalSection
	GlobalSection(ProjectConfigurationPlatforms) = postSolution
		{4553B35F-B82E-4500-82D3-A7903E967221}.Debug|Any CPU.ActiveCfg = Debug|Any CPU
		{4553B35F-B82E-4500-82D3-A7903E967221}.Debug|Any CPU.Build.0 = Debug|Any CPU
		{4553B35F-B82E-4500-82D3-A7903E967221}.Release|Any CPU.ActiveCfg = Release|Any CPU
		{4553B35F-B82E-4500-82D3-A7903E967221}.Release|Any CPU.Build.0 = Release|Any CPU
		{518AEA78-7C6C-4006-8E53-59E854F2183D}.Debug|Any CPU.ActiveCfg = Debug|Any CPU
		{518AEA78-7C6C-4006-8E53-59E854F2183D}.Debug|Any CPU.Build.0 = Debug|Any CPU
		{518AEA78-7C6C-4006-8E53-59E854F2183D}.Release|Any CPU.ActiveCfg = Release|Any CPU
		{518AEA78-7C6C-4006-8E53-59E854F2183D}.Release|Any CPU.Build.0 = Release|Any CPU
	EndGlobalSection
	GlobalSection(SolutionProperties) = preSolution
		HideSolutionNode = FALSE
	EndGlobalSection
EndGlobal
